
Microsoft Visual Studio Solution File, Format Version 12.00
# Visual Studio Version 16
VisualStudioVersion = 16.0.31702.278
MinimumVisualStudioVersion = 10.0.40219.1
Project("{FAE04EC0-301F-11D3-BF4B-00C04F79EFBC}") = "Final", "Final\Final.csproj", "{81BC5B28-C4A0-4AF8-BF8F-9203D4E2E2F4}"
EndProject
Global
	GlobalSection(SolutionConfigurationPlatforms) = preSolution
		Debug|Any CPU = Debug|Any CPU
		Release|Any CPU = Release|Any CPU
	EndGlobalSection
	GlobalSection(ProjectConfigurationPlatforms) = postSolution
		{81BC5B28-C4A0-4AF8-BF8F-9203D4E2E2F4}.Debug|Any CPU.ActiveCfg = Debug|Any CPU
		{81BC5B28-C4A0-4AF8-BF8F-9203D4E2E2F4}.Debug|Any CPU.Build.0 = Debug|Any CPU
		{81BC5B28-C4A0-4AF8-BF8F-9203D4E2E2F4}.Release|Any CPU.ActiveCfg = Release|Any CPU
		{81BC5B28-C4A0-4AF8-BF8F-9203D4E2E2F4}.Release|Any CPU.Build.0 = Release|Any CPU
	EndGlobalSection
	GlobalSection(SolutionProperties) = preSolution
		HideSolutionNode = FALSE
	EndGlobalSection
	GlobalSection(ExtensibilityGlobals) = postSolution
		SolutionGuid = {2510EA6E-1EE2-47E5-85F5-D39C60AFD289}
	EndGlobalSection
EndGlobal
